{
  "name": "nord-plus-visual-studio-code",
  "version": "2.3.10",
  "lockfileVersion": 2,
  "requires": true,
  "packages": {
    "": {
      "name": "nord-plus-visual-studio-code",
      "version": "1.0.1",
      "license": "MIT",
      "dependencies": {
        "minify-json": "^1.0.0"
      },
      "engines": {
        "vscode": "^1.60.0"
      }
    },
    "node_modules/bluebird": {
      "version": "3.7.2",
      "resolved": "https://registry.npmjs.org/bluebird/-/bluebird-3.7.2.tgz",
      "integrity": "sha512-XpNj6GDQzdfW+r2Wnn7xiSAd7TM3jzkxGXBGTtWKuSXv1xUV+azxAm8jdWZN06QTQk+2N2XB9jRDkvbmQmcRtg=="
    },
    "node_modules/minify-json": {
      "version": "1.0.0",
      "resolved": "https://registry.npmjs.org/minify-json/-/minify-json-1.0.0.tgz",
      "integrity": "sha512-AV8v8PndxM2QJgYt27e+uZ8spK1kVvtmNmvDRCz/65DOhVCfVNKUtY1egZuKqoQVIChPOBt/UDr26+WZVkFq/g==",
      "dependencies": {
        "bluebird": "^3.5.0"
      },
      "bin": {
        "minify-json": "index.js"
      }
    }
  },
  "dependencies": {
    "bluebird": {
      "version": "3.7.2",
      "resolved": "https://registry.npmjs.org/bluebird/-/bluebird-3.7.2.tgz",
      "integrity": "sha512-XpNj6GDQzdfW+r2Wnn7xiSAd7TM3jzkxGXBGTtWKuSXv1xUV+azxAm8jdWZN06QTQk+2N2XB9jRDkvbmQmcRtg=="
    },
    "minify-json": {
      "version": "1.0.0",
      "resolved": "https://registry.npmjs.org/minify-json/-/minify-json-1.0.0.tgz",
      "integrity": "sha512-AV8v8PndxM2QJgYt27e+uZ8spK1kVvtmNmvDRCz/65DOhVCfVNKUtY1egZuKqoQVIChPOBt/UDr26+WZVkFq/g==",
      "requires": {
        "bluebird": "^3.5.0"
      }
    }
  }
}
